// !$*UTF8*$!
{
	archiveVersion = 1;
	classes = {
	};
	objectVersion = 56;
	objects = {

/* Begin PBXBuildFile section */
		BF09CE932AC1739C00F41480 /* LandmarksApp.swift in Sources */ = {isa = PBXBuildFile; fileRef = BF09CE922AC1739C00F41480 /* LandmarksApp.swift */; };
		BF09CE952AC1739C00F41480 /* ContentView.swift in Sources */ = {isa = PBXBuildFile; fileRef = BF09CE942AC1739C00F41480 /* ContentView.swift */; };
		BF09CE972AC1739D00F41480 /* Assets.xcassets in Resources */ = {isa = PBXBuildFile; fileRef = BF09CE962AC1739D00F41480 /* Assets.xcassets */; };
		BF09CE9A2AC1739D00F41480 /* Preview Assets.xcassets in Resources */ = {isa = PBXBuildFile; fileRef = BF09CE992AC1739D00F41480 /* Preview Assets.xcassets */; };
		BF09CEA12AC1768C00F41480 /* CircleImage.swift in Sources */ = {isa = PBXBuildFile; fileRef = BF09CEA02AC1768C00F41480 /* CircleImage.swift */; };
		BF09CEA32AC1770E00F41480 /* MapView.swift in Sources */ = {isa = PBXBuildFile; fileRef = BF09CEA22AC1770E00F41480 /* MapView.swift */; };
		BF09CEA52AC17E2300F41480 /* landmarkData.json in Resources */ = {isa = PBXBuildFile; fileRef = BF09CEA42AC17E2300F41480 /* landmarkData.json */; };
		BF09CEA72AC17E5E00F41480 /* Landmark.swift in Sources */ = {isa = PBXBuildFile; fileRef = BF09CEA62AC17E5E00F41480 /* Landmark.swift */; };
		BF09CEA92AC17F2F00F41480 /* ModelData.swift in Sources */ = {isa = PBXBuildFile; fileRef = BF09CEA82AC17F2F00F41480 /* ModelData.swift */; };
		BF09CEAE2AC1994B00F41480 /* LandmarkRow.swift in Sources */ = {isa = PBXBuildFile; fileRef = BF09CEAD2AC1994B00F41480 /* LandmarkRow.swift */; };
		BF09CEB02AC19BFB00F41480 /* LandmarkList.swift in Sources */ = {isa = PBXBuildFile; fileRef = BF09CEAF2AC19BFB00F41480 /* LandmarkList.swift */; };
		BF09CEB22AC19D1100F41480 /* LandmarkDetail.swift in Sources */ = {isa = PBXBuildFile; fileRef = BF09CEB12AC19D1100F41480 /* LandmarkDetail.swift */; };
/* End PBXBuildFile section */

/* Begin PBXFileReference section */
		BF09CE8F2AC1739C00F41480 /* Landmarks.app */ = {isa = PBXFileReference; explicitFileType = wrapper.application; includeInIndex = 0; path = Landmarks.app; sourceTree = BUILT_PRODUCTS_DIR; };
		BF09CE922AC1739C00F41480 /* LandmarksApp.swift */ = {isa = PBXFileReference; lastKnownFileType = sourcecode.swift; path = LandmarksApp.swift; sourceTree = "<group>"; };
		BF09CE942AC1739C00F41480 /* ContentView.swift */ = {isa = PBXFileReference; lastKnownFileType = sourcecode.swift; path = ContentView.swift; sourceTree = "<group>"; };
		BF09CE962AC1739D00F41480 /* Assets.xcassets */ = {isa = PBXFileReference; lastKnownFileType = folder.assetcatalog; path = Assets.xcassets; sourceTree = "<group>"; };
		BF09CE992AC1739D00F41480 /* Preview Assets.xcassets */ = {isa = PBXFileReference; lastKnownFileType = folder.assetcatalog; path = "Preview Assets.xcassets"; sourceTree = "<group>"; };
		BF09CEA02AC1768C00F41480 /* CircleImage.swift */ = {isa = PBXFileReference; lastKnownFileType = sourcecode.swift; path = CircleImage.swift; sourceTree = "<group>"; };
		BF09CEA22AC1770E00F41480 /* MapView.swift */ = {isa = PBXFileReference; lastKnownFileType = sourcecode.swift; path = MapView.swift; sourceTree = "<group>"; };
		BF09CEA42AC17E2300F41480 /* landmarkData.json */ = {isa = PBXFileReference; fileEncoding = 4; lastKnownFileType = text.json; path = landmarkData.json; sourceTree = "<group>"; };
		BF09CEA62AC17E5E00F41480 /* Landmark.swift */ = {isa = PBXFileReference; lastKnownFileType = sourcecode.swift; path = Landmark.swift; sourceTree = "<group>"; };
		BF09CEA82AC17F2F00F41480 /* ModelData.swift */ = {isa = PBXFileReference; lastKnownFileType = sourcecode.swift; path = ModelData.swift; sourceTree = "<group>"; };
		BF09CEAD2AC1994B00F41480 /* LandmarkRow.swift */ = {isa = PBXFileReference; lastKnownFileType = sourcecode.swift; path = LandmarkRow.swift; sourceTree = "<group>"; };
		BF09CEAF2AC19BFB00F41480 /* LandmarkList.swift */ = {isa = PBXFileReference; lastKnownFileType = sourcecode.swift; path = LandmarkList.swift; sourceTree = "<group>"; };
		BF09CEB12AC19D1100F41480 /* LandmarkDetail.swift */ = {isa = PBXFileReference; lastKnownFileType = sourcecode.swift; path = LandmarkDetail.swift; sourceTree = "<group>"; };
/* End PBXFileReference section */

/* Begin PBXFrameworksBuildPhase section */
		BF09CE8C2AC1739C00F41480 /* Frameworks */ = {
			isa = PBXFrameworksBuildPhase;
			buildActionMask = 2147483647;
			files = (
			);
			runOnlyForDeploymentPostprocessing = 0;
		};
/* End PBXFrameworksBuildPhase section */

/* Begin PBXGroup section */
		BF09CE862AC1739C00F41480 = {
			isa = PBXGroup;
			children = (
				BF09CE912AC1739C00F41480 /* Landmarks */,
				BF09CE902AC1739C00F41480 /* Products */,
			);
			sourceTree = "<group>";
		};
		BF09CE902AC1739C00F41480 /* Products */ = {
			isa = PBXGroup;
			children = (
				BF09CE8F2AC1739C00F41480 /* Landmarks.app */,
			);
			name = Products;
			sourceTree = "<group>";
		};
		BF09CE912AC1739C00F41480 /* Landmarks */ = {
			isa = PBXGroup;
			children = (
				BF09CE922AC1739C00F41480 /* LandmarksApp.swift */,
				BF09CEAB2AC17F8D00F41480 /* Resources */,
				BF09CEAC2AC17FA700F41480 /* Models */,
				BF09CEAA2AC17F7900F41480 /* Views */,
				BF09CE982AC1739D00F41480 /* Preview Content */,
			);
			path = Landmarks;
			sourceTree = "<group>";
		};
		BF09CE982AC1739D00F41480 /* Preview Content */ = {
			isa = PBXGroup;
			children = (
				BF09CE992AC1739D00F41480 /* Preview Assets.xcassets */,
			);
			path = "Preview Content";
			sourceTree = "<group>";
		};
		BF09CEAA2AC17F7900F41480 /* Views */ = {
			isa = PBXGroup;
			children = (
				BF09CE942AC1739C00F41480 /* ContentView.swift */,
				BF09CEA02AC1768C00F41480 /* CircleImage.swift */,
				BF09CEA22AC1770E00F41480 /* MapView.swift */,
				BF09CEAD2AC1994B00F41480 /* LandmarkRow.swift */,
				BF09CEAF2AC19BFB00F41480 /* LandmarkList.swift */,
				BF09CEB12AC19D1100F41480 /* LandmarkDetail.swift */,
			);
			path = Views;
			sourceTree = "<group>";
		};
		BF09CEAB2AC17F8D00F41480 /* Resources */ = {
			isa = PBXGroup;
			children = (
				BF09CEA42AC17E2300F41480 /* landmarkData.json */,
				BF09CE962AC1739D00F41480 /* Assets.xcassets */,
			);
			path = Resources;
			sourceTree = "<group>";
		};
		BF09CEAC2AC17FA700F41480 /* Models */ = {
			isa = PBXGroup;
			children = (
				BF09CEA62AC17E5E00F41480 /* Landmark.swift */,
				BF09CEA82AC17F2F00F41480 /* ModelData.swift */,
			);
			path = Models;
			sourceTree = "<group>";
		};
/* End PBXGroup section */

/* Begin PBXNativeTarget section */
		BF09CE8E2AC1739C00F41480 /* Landmarks */ = {
			isa = PBXNativeTarget;
			buildConfigurationList = BF09CE9D2AC1739D00F41480 /* Build configuration list for PBXNativeTarget "Landmarks" */;
			buildPhases = (
				BF09CE8B2AC1739C00F41480 /* Sources */,
				BF09CE8C2AC1739C00F41480 /* Frameworks */,
				BF09CE8D2AC1739C00F41480 /* Resources */,
			);
			buildRules = (
			);
			dependencies = (
			);
			name = Landmarks;
			productName = Landmarks;
			productReference = BF09CE8F2AC1739C00F41480 /* Landmarks.app */;
			productType = "com.apple.product-type.application";
		};
/* End PBXNativeTarget section */

/* Begin PBXProject section */
		BF09CE872AC1739C00F41480 /* Project object */ = {
			isa = PBXProject;
			attributes = {
				BuildIndependentTargetsInParallel = 1;
				LastSwiftUpdateCheck = 1420;
				LastUpgradeCheck = 1420;
				TargetAttributes = {
					BF09CE8E2AC1739C00F41480 = {
						CreatedOnToolsVersion = 14.2;
					};
				};
			};
			buildConfigurationList = BF09CE8A2AC1739C00F41480 /* Build configuration list for PBXProject "Landmarks" */;
			compatibilityVersion = "Xcode 14.0";
			developmentRegion = en;
			hasScannedForEncodings = 0;
			knownRegions = (
				en,
				Base,
			);
			mainGroup = BF09CE862AC1739C00F41480;
			productRefGroup = BF09CE902AC1739C00F41480 /* Products */;
			projectDirPath = "";
			projectRoot = "";
			targets = (
				BF09CE8E2AC1739C00F41480 /* Landmarks */,
			);
		};
/* End PBXProject section */

/* Begin PBXResourcesBuildPhase section */
		BF09CE8D2AC1739C00F41480 /* Resources */ = {
			isa = PBXResourcesBuildPhase;
			buildActionMask = 2147483647;
			files = (
				BF09CE9A2AC1739D00F41480 /* Preview Assets.xcassets in Resources */,
				BF09CE972AC1739D00F41480 /* Assets.xcassets in Resources */,
				BF09CEA52AC17E2300F41480 /* landmarkData.json in Resources */,
			);
			runOnlyForDeploymentPostprocessing = 0;
		};
/* End PBXResourcesBuildPhase section */

/* Begin PBXSourcesBuildPhase section */
		BF09CE8B2AC1739C00F41480 /* Sources */ = {
			isa = PBXSourcesBuildPhase;
			buildActionMask = 2147483647;
			files = (
				BF09CE952AC1739C00F41480 /* ContentView.swift in Sources */,
				BF09CEA32AC1770E00F41480 /* MapView.swift in Sources */,
				BF09CE932AC1739C00F41480 /* LandmarksApp.swift in Sources */,
				BF09CEB02AC19BFB00F41480 /* LandmarkList.swift in Sources */,
				BF09CEB22AC19D1100F41480 /* LandmarkDetail.swift in Sources */,
				BF09CEA12AC1768C00F41480 /* CircleImage.swift in Sources */,
				BF09CEA72AC17E5E00F41480 /* Landmark.swift in Sources */,
				BF09CEAE2AC1994B00F41480 /* LandmarkRow.swift in Sources */,
				BF09CEA92AC17F2F00F41480 /* ModelData.swift in Sources */,
			);
			runOnlyForDeploymentPostprocessing = 0;
		};
/* End PBXSourcesBuildPhase section */

/* Begin XCBuildConfiguration section */
		BF09CE9B2AC1739D00F41480 /* Debug */ = {
			isa = XCBuildConfiguration;
			buildSettings = {
				ALWAYS_SEARCH_USER_PATHS = NO;
				CLANG_ANALYZER_NONNULL = YES;
				CLANG_ANALYZER_NUMBER_OBJECT_CONVERSION = YES_AGGRESSIVE;
				CLANG_CXX_LANGUAGE_STANDARD = "gnu++20";
				CLANG_ENABLE_MODULES = YES;
				CLANG_ENABLE_OBJC_ARC = YES;
				CLANG_ENABLE_OBJC_WEAK = YES;
				CLANG_WARN_BLOCK_CAPTURE_AUTORELEASING = YES;
				CLANG_WARN_BOOL_CONVERSION = YES;
				CLANG_WARN_COMMA = YES;
				CLANG_WARN_CONSTANT_CONVERSION = YES;
				CLANG_WARN_DEPRECATED_OBJC_IMPLEMENTATIONS = YES;
				CLANG_WARN_DIRECT_OBJC_ISA_USAGE = YES_ERROR;
				CLANG_WARN_DOCUMENTATION_COMMENTS = YES;
				CLANG_WARN_EMPTY_BODY = YES;
				CLANG_WARN_ENUM_CONVERSION = YES;
				CLANG_WARN_INFINITE_RECURSION = YES;
				CLANG_WARN_INT_CONVERSION = YES;
				CLANG_WARN_NON_LITERAL_NULL_CONVERSION = YES;
				CLANG_WARN_OBJC_IMPLICIT_RETAIN_SELF = YES;
				CLANG_WARN_OBJC_LITERAL_CONVERSION = YES;
				CLANG_WARN_OBJC_ROOT_CLASS = YES_ERROR;
				CLANG_WARN_QUOTED_INCLUDE_IN_FRAMEWORK_HEADER = YES;
				CLANG_WARN_RANGE_LOOP_ANALYSIS = YES;
				CLANG_WARN_STRICT_PROTOTYPES = YES;
				CLANG_WARN_SUSPICIOUS_MOVE = YES;
				CLANG_WARN_UNGUARDED_AVAILABILITY = YES_AGGRESSIVE;
				CLANG_WARN_UNREACHABLE_CODE = YES;
				CLANG_WARN__DUPLICATE_METHOD_MATCH = YES;
				COPY_PHASE_STRIP = NO;
				DEBUG_INFORMATION_FORMAT = dwarf;
				ENABLE_STRICT_OBJC_MSGSEND = YES;
				ENABLE_TESTABILITY = YES;
				GCC_C_LANGUAGE_STANDARD = gnu11;
				GCC_DYNAMIC_NO_PIC = NO;
				GCC_NO_COMMON_BLOCKS = YES;
				GCC_OPTIMIZATION_LEVEL = 0;
				GCC_PREPROCESSOR_DEFINITIONS = (
					"DEBUG=1",
					"$(inherited)",
				);
				GCC_WARN_64_TO_32_BIT_CONVERSION = YES;
				GCC_WARN_ABOUT_RETURN_TYPE = YES_ERROR;
				GCC_WARN_UNDECLARED_SELECTOR = YES;
				GCC_WARN_UNINITIALIZED_AUTOS = YES_AGGRESSIVE;
				GCC_WARN_UNUSED_FUNCTION = YES;
				GCC_WARN_UNUSED_VARIABLE = YES;
				IPHONEOS_DEPLOYMENT_TARGET = 16.2;
				MTL_ENABLE_DEBUG_INFO = INCLUDE_SOURCE;
				MTL_FAST_MATH = YES;
				ONLY_ACTIVE_ARCH = YES;
				SDKROOT = iphoneos;
				SWIFT_ACTIVE_COMPILATION_CONDITIONS = DEBUG;
				SWIFT_OPTIMIZATION_LEVEL = "-Onone";
			};
			name = Debug;
		};
		BF09CE9C2AC1739D00F41480 /* Release */ = {
			isa = XCBuildConfiguration;
			buildSettings = {
				ALWAYS_SEARCH_USER_PATHS = NO;
				CLANG_ANALYZER_NONNULL = YES;
				CLANG_ANALYZER_NUMBER_OBJECT_CONVERSION = YES_AGGRESSIVE;
				CLANG_CXX_LANGUAGE_STANDARD = "gnu++20";
				CLANG_ENABLE_MODULES = YES;
				CLANG_ENABLE_OBJC_ARC = YES;
				CLANG_ENABLE_OBJC_WEAK = YES;
				CLANG_WARN_BLOCK_CAPTURE_AUTORELEASING = YES;
				CLANG_WARN_BOOL_CONVERSION = YES;
				CLANG_WARN_COMMA = YES;
				CLANG_WARN_CONSTANT_CONVERSION = YES;
				CLANG_WARN_DEPRECATED_OBJC_IMPLEMENTATIONS = YES;
				CLANG_WARN_DIRECT_OBJC_ISA_USAGE = YES_ERROR;
				CLANG_WARN_DOCUMENTATION_COMMENTS = YES;
				CLANG_WARN_EMPTY_BODY = YES;
				CLANG_WARN_ENUM_CONVERSION = YES;
				CLANG_WARN_INFINITE_RECURSION = YES;
				CLANG_WARN_INT_CONVERSION = YES;
				CLANG_WARN_NON_LITERAL_NULL_CONVERSION = YES;
				CLANG_WARN_OBJC_IMPLICIT_RETAIN_SELF = YES;
				CLANG_WARN_OBJC_LITERAL_CONVERSION = YES;
				CLANG_WARN_OBJC_ROOT_CLASS = YES_ERROR;
				CLANG_WARN_QUOTED_INCLUDE_IN_FRAMEWORK_HEADER = YES;
				CLANG_WARN_RANGE_LOOP_ANALYSIS = YES;
				CLANG_WARN_STRICT_PROTOTYPES = YES;
				CLANG_WARN_SUSPICIOUS_MOVE = YES;
				CLANG_WARN_UNGUARDED_AVAILABILITY = YES_AGGRESSIVE;
				CLANG_WARN_UNREACHABLE_CODE = YES;
				CLANG_WARN__DUPLICATE_METHOD_MATCH = YES;
				COPY_PHASE_STRIP = NO;
				DEBUG_INFORMATION_FORMAT = "dwarf-with-dsym";
				ENABLE_NS_ASSERTIONS = NO;
				ENABLE_STRICT_OBJC_MSGSEND = YES;
				GCC_C_LANGUAGE_STANDARD = gnu11;
				GCC_NO_COMMON_BLOCKS = YES;
				GCC_WARN_64_TO_32_BIT_CONVERSION = YES;
				GCC_WARN_ABOUT_RETURN_TYPE = YES_ERROR;
				GCC_WARN_UNDECLARED_SELECTOR = YES;
				GCC_WARN_UNINITIALIZED_AUTOS = YES_AGGRESSIVE;
				GCC_WARN_UNUSED_FUNCTION = YES;
				GCC_WARN_UNUSED_VARIABLE = YES;
				IPHONEOS_DEPLOYMENT_TARGET = 16.2;
				MTL_ENABLE_DEBUG_INFO = NO;
				MTL_FAST_MATH = YES;
				SDKROOT = iphoneos;
				SWIFT_COMPILATION_MODE = wholemodule;
				SWIFT_OPTIMIZATION_LEVEL = "-O";
				VALIDATE_PRODUCT = YES;
			};
			name = Release;
		};
		BF09CE9E2AC1739D00F41480 /* Debug */ = {
			isa = XCBuildConfiguration;
			buildSettings = {
				ASSETCATALOG_COMPILER_APPICON_NAME = AppIcon;
				ASSETCATALOG_COMPILER_GLOBAL_ACCENT_COLOR_NAME = AccentColor;
				CODE_SIGN_STYLE = Automatic;
				CURRENT_PROJECT_VERSION = 1;
				DEVELOPMENT_ASSET_PATHS = "\"Landmarks/Preview Content\"";
				ENABLE_PREVIEWS = YES;
				GENERATE_INFOPLIST_FILE = YES;
				INFOPLIST_KEY_UIApplicationSceneManifest_Generation = YES;
				INFOPLIST_KEY_UIApplicationSupportsIndirectInputEvents = YES;
				INFOPLIST_KEY_UILaunchScreen_Generation = YES;
				INFOPLIST_KEY_UISupportedInterfaceOrientations_iPad = "UIInterfaceOrientationPortrait UIInterfaceOrientationPortraitUpsideDown UIInterfaceOrientationLandscapeLeft UIInterfaceOrientationLandscapeRight";
				INFOPLIST_KEY_UISupportedInterfaceOrientations_iPhone = "UIInterfaceOrientationPortrait UIInterfaceOrientationLandscapeLeft UIInterfaceOrientationLandscapeRight";
				LD_RUNPATH_SEARCH_PATHS = (
					"$(inherited)",
					"@executable_path/Frameworks",
				);
				MARKETING_VERSION = 1.0;
				PRODUCT_BUNDLE_IDENTIFIER = com.learningproject.Landmarks;
				PRODUCT_NAME = "$(TARGET_NAME)";
				SWIFT_EMIT_LOC_STRINGS = YES;
				SWIFT_VERSION = 5.0;
				TARGETED_DEVICE_FAMILY = "1,2";
			};
			name = Debug;
		};
		BF09CE9F2AC1739D00F41480 /* Release */ = {
			isa = XCBuildConfiguration;
			buildSettings = {
				ASSETCATALOG_COMPILER_APPICON_NAME = AppIcon;
				ASSETCATALOG_COMPILER_GLOBAL_ACCENT_COLOR_NAME = AccentColor;
				CODE_SIGN_STYLE = Automatic;
				CURRENT_PROJECT_VERSION = 1;
				DEVELOPMENT_ASSET_PATHS = "\"Landmarks/Preview Content\"";
				ENABLE_PREVIEWS = YES;
				GENERATE_INFOPLIST_FILE = YES;
				INFOPLIST_KEY_UIApplicationSceneManifest_Generation = YES;
				INFOPLIST_KEY_UIApplicationSupportsIndirectInputEvents = YES;
				INFOPLIST_KEY_UILaunchScreen_Generation = YES;
				INFOPLIST_KEY_UISupportedInterfaceOrientations_iPad = "UIInterfaceOrientationPortrait UIInterfaceOrientationPortraitUpsideDown UIInterfaceOrientationLandscapeLeft UIInterfaceOrientationLandscapeRight";
				INFOPLIST_KEY_UISupportedInterfaceOrientations_iPhone = "UIInterfaceOrientationPortrait UIInterfaceOrientationLandscapeLeft UIInterfaceOrientationLandscapeRight";
				LD_RUNPATH_SEARCH_PATHS = (
					"$(inherited)",
					"@executable_path/Frameworks",
				);
				MARKETING_VERSION = 1.0;
				PRODUCT_BUNDLE_IDENTIFIER = com.learningproject.Landmarks;
				PRODUCT_NAME = "$(TARGET_NAME)";
				SWIFT_EMIT_LOC_STRINGS = YES;
				SWIFT_VERSION = 5.0;
				TARGETED_DEVICE_FAMILY = "1,2";
			};
			name = Release;
		};
/* End XCBuildConfiguration section */

/* Begin XCConfigurationList section */
		BF09CE8A2AC1739C00F41480 /* Build configuration list for PBXProject "Landmarks" */ = {
			isa = XCConfigurationList;
			buildConfigurations = (
				BF09CE9B2AC1739D00F41480 /* Debug */,
				BF09CE9C2AC1739D00F41480 /* Release */,
			);
			defaultConfigurationIsVisible = 0;
			defaultConfigurationName = Release;
		};
		BF09CE9D2AC1739D00F41480 /* Build configuration list for PBXNativeTarget "Landmarks" */ = {
			isa = XCConfigurationList;
			buildConfigurations = (
				BF09CE9E2AC1739D00F41480 /* Debug */,
				BF09CE9F2AC1739D00F41480 /* Release */,
			);
			defaultConfigurationIsVisible = 0;
			defaultConfigurationName = Release;
		};
/* End XCConfigurationList section */
	};
	rootObject = BF09CE872AC1739C00F41480 /* Project object */;
}
